<?xml version="1.0" encoding="utf-8"?>
<Project ToolsVersion="4.0" xmlns="http://schemas.microsoft.com/developer/msbuild/2003">
  <ItemGroup>
    <Filter Include="Azer">
      <UniqueIdentifier>{97C8827C-83FF-830D-2CEC-69101802000F}</UniqueIdentifier>
    </Filter>
    <Filter Include="Azer\vendor">
      <UniqueIdentifier>{14EFF91B-80A4-7211-0999-6CE8754D6915}</UniqueIdentifier>
    </Filter>
    <Filter Include="Azer\vendor\glm">
      <UniqueIdentifier>{63E3DE56-CF6E-4C1B-D87F-CF0F448AA81B}</UniqueIdentifier>
    </Filter>
    <Filter Include="Azer\vendor\glm\glm">
      <UniqueIdentifier>{3267B3A8-9EC8-90B6-2736-D7689396C775}</UniqueIdentifier>
    </Filter>
    <Filter Include="Azer\vendor\glm\glm\detail">
      <UniqueIdentifier>{B4126F35-A022-1B06-09DC-7F24F50A0A9F}</UniqueIdentifier>
    </Filter>
    <Filter Include="Azer\vendor\glm\glm\ext">
      <UniqueIdentifier>{9233B315-FE6A-FBAC-0775-5FD0732B22A6}</UniqueIdentifier>
    </Filter>
    <Filter Include="Azer\vendor\glm\glm\gtc">
      <UniqueIdentifier>{7F3BB315-EB72-FBAC-F47C-5FD0603322A6}</UniqueIdentifier>
    </Filter>
    <Filter Include="Azer\vendor\glm\glm\gtx">
      <UniqueIdentifier>{943BB315-0073-FBAC-097D-5FD0753322A6}</UniqueIdentifier>
    </Filter>
    <Filter Include="Azer\vendor\glm\glm\simd">
      <UniqueIdentifier>{CE1221CC-BA37-704C-E382-55DCCF066F6A}</UniqueIdentifier>
    </Filter>
    <Filter Include="src">
      <UniqueIdentifier>{2DAB880B-99B4-887C-2230-9F7C8E38947C}</UniqueIdentifier>
    </Filter>
  </ItemGroup>
  <ItemGroup>
    <ClCompile Include="src\SandboxApp.cpp">
      <Filter>src</Filter>
    </ClCompile>
    <ClCompile Include="src\GameLayer.cpp" />
    <ClCompile Include="src\Random.cpp" />
    <ClCompile Include="src\Level.cpp" />
    <ClCompile Include="src\Player.cpp" />
  </ItemGroup>
  <ItemGroup>
    <ClInclude Include="src\GameLayer.h" />
    <ClInclude Include="src\Level.h" />
    <ClInclude Include="src\Random.h" />
    <ClInclude Include="src\Player.h" />
    <ClInclude Include="src\ParticleSystem.h" />
  </ItemGroup>
</Project>