<?xml version="1.0" encoding="utf-8"?>
<Project ToolsVersion="4.0" xmlns="http://schemas.microsoft.com/developer/msbuild/2003">
  <ItemGroup>
    <Filter Include="Azer">
      <UniqueIdentifier>{97C8827C-83FF-830D-2CEC-69101802000F}</UniqueIdentifier>
    </Filter>
    <Filter Include="Azer\Events">
      <UniqueIdentifier>{9B04DCAA-07BA-54A0-90AE-4E77FC624BA4}</UniqueIdentifier>
    </Filter>
  </ItemGroup>
  <ItemGroup>
    <ClInclude Include="src\Azer.h" />
    <ClInclude Include="src\Azer\Application.h">
      <Filter>Azer</Filter>
    </ClInclude>
    <ClInclude Include="src\Azer\Core.h">
      <Filter>Azer</Filter>
    </ClInclude>
    <ClInclude Include="src\Azer\EntryPoint.h">
      <Filter>Azer</Filter>
    </ClInclude>
    <ClInclude Include="src\Azer\Events\ApplicationEvent.h">
      <Filter>Azer\Events</Filter>
    </ClInclude>
    <ClInclude Include="src\Azer\Events\Event.h">
      <Filter>Azer\Events</Filter>
    </ClInclude>
    <ClInclude Include="src\Azer\Events\KeyEvent.h">
      <Filter>Azer\Events</Filter>
    </ClInclude>
    <ClInclude Include="src\Azer\Events\MouseEvent.h">
      <Filter>Azer\Events</Filter>
    </ClInclude>
    <ClInclude Include="src\Azer\Log.h">
      <Filter>Azer</Filter>
    </ClInclude>
  </ItemGroup>
  <ItemGroup>
    <ClCompile Include="src\Azer\Application.cpp">
      <Filter>Azer</Filter>
    </ClCompile>
    <ClCompile Include="src\Azer\Log.cpp">
      <Filter>Azer</Filter>
    </ClCompile>
  </ItemGroup>
</Project>